
Microsoft Visual Studio Solution File, Format Version 12.00
# Visual Studio 14
VisualStudioVersion = 14.0.25123.0
MinimumVisualStudioVersion = 10.0.40219.1
Project("{FAE04EC0-301F-11D3-BF4B-00C04F79EFBC}") = "MvcMovie", "MvcMovie\MvcMovie.csproj", "{F7512F6C-65C9-48AE-AAE2-E29B83EC528A}"
EndProject
Project("{FAE04EC0-301F-11D3-BF4B-00C04F79EFBC}") = "UnitTestMvcMovie", "UnitTestMvcMovie\UnitTestMvcMovie.csproj", "{9EDE7BDE-DEBE-4933-BE8F-C246C9E8ADB3}"
EndProject
Global
	GlobalSection(SolutionConfigurationPlatforms) = preSolution
		Debug|Any CPU = Debug|Any CPU
		Release|Any CPU = Release|Any CPU
	EndGlobalSection
	GlobalSection(ProjectConfigurationPlatforms) = postSolution
		{F7512F6C-65C9-48AE-AAE2-E29B83EC528A}.Debug|Any CPU.ActiveCfg = Debug|Any CPU
		{F7512F6C-65C9-48AE-AAE2-E29B83EC528A}.Debug|Any CPU.Build.0 = Debug|Any CPU
		{F7512F6C-65C9-48AE-AAE2-E29B83EC528A}.Release|Any CPU.ActiveCfg = Release|Any CPU
		{F7512F6C-65C9-48AE-AAE2-E29B83EC528A}.Release|Any CPU.Build.0 = Release|Any CPU
		{9EDE7BDE-DEBE-4933-BE8F-C246C9E8ADB3}.Debug|Any CPU.ActiveCfg = Debug|Any CPU
		{9EDE7BDE-DEBE-4933-BE8F-C246C9E8ADB3}.Debug|Any CPU.Build.0 = Debug|Any CPU
		{9EDE7BDE-DEBE-4933-BE8F-C246C9E8ADB3}.Release|Any CPU.ActiveCfg = Release|Any CPU
		{9EDE7BDE-DEBE-4933-BE8F-C246C9E8ADB3}.Release|Any CPU.Build.0 = Release|Any CPU
	EndGlobalSection
	GlobalSection(SolutionProperties) = preSolution
		HideSolutionNode = FALSE
	EndGlobalSection
EndGlobal
